{
  "name": "ngx-lang",
  "version": "1.0.0",
  "lockfileVersion": 1,
  "requires": true,
  "dependencies": {
    "@angular/common": {
      "version": "7.1.4",
      "resolved": "https://registry.npmjs.org/@angular/common/-/common-7.1.4.tgz",
      "integrity": "sha512-oQPCilcf1H/OXmt4z6PfGoCSb1YPRBAXGs/KRBARm3tYan2r5CmV0BFwpWXWQrEMt8YQqqLiBQUQ64d8+VFm8Q==",
      "requires": {
        "tslib": "1.9.3"
      }
    },
    "@angular/core": {
      "version": "7.1.4",
      "resolved": "https://registry.npmjs.org/@angular/core/-/core-7.1.4.tgz",
      "integrity": "sha512-36uWLrmmlzf8JKaq2A5F2tPQEHvFSsbTQWOT559Drp1tzM2uSA7PysNHv5TXUshDn5i54S2EQFm4bj2YPp4Hzg==",
      "requires": {
        "tslib": "1.9.3"
      }
    },
    "@ionic-native/globalization": {
      "version": "4.18.0",
      "resolved": "https://registry.npmjs.org/@ionic-native/globalization/-/globalization-4.18.0.tgz",
      "integrity": "sha512-z1yGB3mGs2f9jApDSUhpHI/zO3exEVg7hvg3OPlqq4vFaSQ6aBMEdnlLgRobwPqs7/QG1ZzNXXh1hgdC7vyNcg=="
    },
    "tslib": {
      "version": "1.9.3",
      "resolved": "https://registry.npmjs.org/tslib/-/tslib-1.9.3.tgz",
      "integrity": "sha512-4krF8scpejhaOgqzBEcGM7yDIEfi0/8+8zDRZhNZZ2kjmHJ4hv3zCbQWxoJGz1iw5U0Jl0nma13xzHXcncMavQ=="
    }
  }
}
